Microsoft Visual Studio Solution File, Format Version 12.00
# Visual Studio 15
VisualStudioVersion = 15.0.27428.2037
MinimumVisualStudioVersion = 10.0.40219.1
Project("{FAE04EC0-301F-11D3-BF4B-00C04F79EFBC}") = "Commands.Profile.Extensions", "Commands.Profile.Extensions\Commands.Profile.Extensions.csproj", "{AB210DE0-FDAF-4EAC-934F-2E24D0AAFD63}"
EndProject
Global
	GlobalSection(SolutionConfigurationPlatforms) = preSolution
		Debug|Any CPU = Debug|Any CPU
		Release|Any CPU = Release|Any CPU
	EndGlobalSection
	GlobalSection(ProjectConfigurationPlatforms) = postSolution
		{AB210DE0-FDAF-4EAC-934F-2E24D0AAFD63}.Debug|Any CPU.ActiveCfg = Debug|Any CPU
		{AB210DE0-FDAF-4EAC-934F-2E24D0AAFD63}.Debug|Any CPU.Build.0 = Debug|Any CPU
		{AB210DE0-FDAF-4EAC-934F-2E24D0AAFD63}.Release|Any CPU.ActiveCfg = Release|Any CPU
		{AB210DE0-FDAF-4EAC-934F-2E24D0AAFD63}.Release|Any CPU.Build.0 = Release|Any CPU
	EndGlobalSection
	GlobalSection(SolutionProperties) = preSolution
		HideSolutionNode = FALSE
	EndGlobalSection
	GlobalSection(NestedProjects) = preSolution
	EndGlobalSection
	GlobalSection(ExtensibilityGlobals) = postSolution
		SolutionGuid = {48D227B3-ECAE-4946-80D1-BAF45239018D}
	EndGlobalSection
EndGlobal
